// !$*UTF8*$!
{
	archiveVersion = 1;
	classes = {
	};
	objectVersion = 56;
	objects = {

/* Begin PBXBuildFile section */
		761402BD2A9A70E300144E3E /* AppDelegate.swift in Sources */ = {isa = PBXBuildFile; fileRef = 761402BC2A9A70E300144E3E /* AppDelegate.swift */; };
		761402BF2A9A70E300144E3E /* SceneDelegate.swift in Sources */ = {isa = PBXBuildFile; fileRef = 761402BE2A9A70E300144E3E /* SceneDelegate.swift */; };
		761402C12A9A70E300144E3E /* ClassViewController.swift in Sources */ = {isa = PBXBuildFile; fileRef = 761402C02A9A70E300144E3E /* ClassViewController.swift */; };
		761402C62A9A70E600144E3E /* Assets.xcassets in Resources */ = {isa = PBXBuildFile; fileRef = 761402C52A9A70E600144E3E /* Assets.xcassets */; };
		761402C92A9A70E600144E3E /* LaunchScreen.storyboard in Resources */ = {isa = PBXBuildFile; fileRef = 761402C72A9A70E600144E3E /* LaunchScreen.storyboard */; };
		761402D22A9A750200144E3E /* ClassInfoTableViewCell.swift in Sources */ = {isa = PBXBuildFile; fileRef = 761402D12A9A750200144E3E /* ClassInfoTableViewCell.swift */; };
		761402D62A9A79C500144E3E /* ClassInfoCollectionViewCell.swift in Sources */ = {isa = PBXBuildFile; fileRef = 761402D52A9A79C500144E3E /* ClassInfoCollectionViewCell.swift */; };
		761402D82A9A8BB100144E3E /* DetailedClassInfoViewController.swift in Sources */ = {isa = PBXBuildFile; fileRef = 761402D72A9A8BB100144E3E /* DetailedClassInfoViewController.swift */; };
		761402DA2A9A8C6700144E3E /* ClassInfoDelegate.swift in Sources */ = {isa = PBXBuildFile; fileRef = 761402D92A9A8C6700144E3E /* ClassInfoDelegate.swift */; };
		761402DE2A9B167F00144E3E /* SubjectsTableViewCell.swift in Sources */ = {isa = PBXBuildFile; fileRef = 761402DD2A9B167F00144E3E /* SubjectsTableViewCell.swift */; };
		761402E02A9B1AE000144E3E /* AttendanceViewController.swift in Sources */ = {isa = PBXBuildFile; fileRef = 761402DF2A9B1AE000144E3E /* AttendanceViewController.swift */; };
		761402E22A9B27DD00144E3E /* StudentsTableViewCell.swift in Sources */ = {isa = PBXBuildFile; fileRef = 761402E12A9B27DD00144E3E /* StudentsTableViewCell.swift */; };
		761402E42A9B38EE00144E3E /* TimeTable.swift in Sources */ = {isa = PBXBuildFile; fileRef = 761402E32A9B38EE00144E3E /* TimeTable.swift */; };
		761402E62A9B43B400144E3E /* Students.swift in Sources */ = {isa = PBXBuildFile; fileRef = 761402E52A9B43B400144E3E /* Students.swift */; };
		761402E82A9B472400144E3E /* StudentDetailsViewController.swift in Sources */ = {isa = PBXBuildFile; fileRef = 761402E72A9B472400144E3E /* StudentDetailsViewController.swift */; };
/* End PBXBuildFile section */

/* Begin PBXFileReference section */
		761402B92A9A70E300144E3E /* Class Attendance.app */ = {isa = PBXFileReference; explicitFileType = wrapper.application; includeInIndex = 0; path = "Class Attendance.app"; sourceTree = BUILT_PRODUCTS_DIR; };
		761402BC2A9A70E300144E3E /* AppDelegate.swift */ = {isa = PBXFileReference; lastKnownFileType = sourcecode.swift; path = AppDelegate.swift; sourceTree = "<group>"; };
		761402BE2A9A70E300144E3E /* SceneDelegate.swift */ = {isa = PBXFileReference; lastKnownFileType = sourcecode.swift; path = SceneDelegate.swift; sourceTree = "<group>"; };
		761402C02A9A70E300144E3E /* ClassViewController.swift */ = {isa = PBXFileReference; lastKnownFileType = sourcecode.swift; path = ClassViewController.swift; sourceTree = "<group>"; };
		761402C52A9A70E600144E3E /* Assets.xcassets */ = {isa = PBXFileReference; lastKnownFileType = folder.assetcatalog; path = Assets.xcassets; sourceTree = "<group>"; };
		761402C82A9A70E600144E3E /* Base */ = {isa = PBXFileReference; lastKnownFileType = file.storyboard; name = Base; path = Base.lproj/LaunchScreen.storyboard; sourceTree = "<group>"; };
		761402CA2A9A70E600144E3E /* Info.plist */ = {isa = PBXFileReference; lastKnownFileType = text.plist.xml; path = Info.plist; sourceTree = "<group>"; };
		761402D12A9A750200144E3E /* ClassInfoTableViewCell.swift */ = {isa = PBXFileReference; lastKnownFileType = sourcecode.swift; path = ClassInfoTableViewCell.swift; sourceTree = "<group>"; };
		761402D52A9A79C500144E3E /* ClassInfoCollectionViewCell.swift */ = {isa = PBXFileReference; lastKnownFileType = sourcecode.swift; path = ClassInfoCollectionViewCell.swift; sourceTree = "<group>"; };
		761402D72A9A8BB100144E3E /* DetailedClassInfoViewController.swift */ = {isa = PBXFileReference; lastKnownFileType = sourcecode.swift; path = DetailedClassInfoViewController.swift; sourceTree = "<group>"; };
		761402D92A9A8C6700144E3E /* ClassInfoDelegate.swift */ = {isa = PBXFileReference; lastKnownFileType = sourcecode.swift; path = ClassInfoDelegate.swift; sourceTree = "<group>"; };
		761402DD2A9B167F00144E3E /* SubjectsTableViewCell.swift */ = {isa = PBXFileReference; lastKnownFileType = sourcecode.swift; path = SubjectsTableViewCell.swift; sourceTree = "<group>"; };
		761402DF2A9B1AE000144E3E /* AttendanceViewController.swift */ = {isa = PBXFileReference; lastKnownFileType = sourcecode.swift; path = AttendanceViewController.swift; sourceTree = "<group>"; };
		761402E12A9B27DD00144E3E /* StudentsTableViewCell.swift */ = {isa = PBXFileReference; lastKnownFileType = sourcecode.swift; path = StudentsTableViewCell.swift; sourceTree = "<group>"; };
		761402E32A9B38EE00144E3E /* TimeTable.swift */ = {isa = PBXFileReference; lastKnownFileType = sourcecode.swift; path = TimeTable.swift; sourceTree = "<group>"; };
		761402E52A9B43B400144E3E /* Students.swift */ = {isa = PBXFileReference; lastKnownFileType = sourcecode.swift; path = Students.swift; sourceTree = "<group>"; };
		761402E72A9B472400144E3E /* StudentDetailsViewController.swift */ = {isa = PBXFileReference; lastKnownFileType = sourcecode.swift; path = StudentDetailsViewController.swift; sourceTree = "<group>"; };
/* End PBXFileReference section */

/* Begin PBXFrameworksBuildPhase section */
		761402B62A9A70E300144E3E /* Frameworks */ = {
			isa = PBXFrameworksBuildPhase;
			buildActionMask = 2147483647;
			files = (
			);
			runOnlyForDeploymentPostprocessing = 0;
		};
/* End PBXFrameworksBuildPhase section */

/* Begin PBXGroup section */
		761402B02A9A70E300144E3E = {
			isa = PBXGroup;
			children = (
				761402BB2A9A70E300144E3E /* Class Attendance */,
				761402BA2A9A70E300144E3E /* Products */,
			);
			sourceTree = "<group>";
		};
		761402BA2A9A70E300144E3E /* Products */ = {
			isa = PBXGroup;
			children = (
				761402B92A9A70E300144E3E /* Class Attendance.app */,
			);
			name = Products;
			sourceTree = "<group>";
		};
		761402BB2A9A70E300144E3E /* Class Attendance */ = {
			isa = PBXGroup;
			children = (
				761402BC2A9A70E300144E3E /* AppDelegate.swift */,
				761402BE2A9A70E300144E3E /* SceneDelegate.swift */,
				761402D02A9A74E600144E3E /* Class  */,
				761402DB2A9B165300144E3E /* Detail */,
				761402C02A9A70E300144E3E /* ClassViewController.swift */,
				761402E72A9B472400144E3E /* StudentDetailsViewController.swift */,
				761402D72A9A8BB100144E3E /* DetailedClassInfoViewController.swift */,
				761402DF2A9B1AE000144E3E /* AttendanceViewController.swift */,
				761402C52A9A70E600144E3E /* Assets.xcassets */,
				761402C72A9A70E600144E3E /* LaunchScreen.storyboard */,
				761402CA2A9A70E600144E3E /* Info.plist */,
				761402D92A9A8C6700144E3E /* ClassInfoDelegate.swift */,
				761402E32A9B38EE00144E3E /* TimeTable.swift */,
				761402E52A9B43B400144E3E /* Students.swift */,
			);
			path = "Class Attendance";
			sourceTree = "<group>";
		};
		761402D02A9A74E600144E3E /* Class  */ = {
			isa = PBXGroup;
			children = (
				761402D42A9A79B000144E3E /* Collection View Cell */,
				761402D32A9A79A300144E3E /* Table View Cell */,
			);
			path = "Class ";
			sourceTree = "<group>";
		};
		761402D32A9A79A300144E3E /* Table View Cell */ = {
			isa = PBXGroup;
			children = (
				761402D12A9A750200144E3E /* ClassInfoTableViewCell.swift */,
			);
			path = "Table View Cell";
			sourceTree = "<group>";
		};
		761402D42A9A79B000144E3E /* Collection View Cell */ = {
			isa = PBXGroup;
			children = (
				761402D52A9A79C500144E3E /* ClassInfoCollectionViewCell.swift */,
			);
			path = "Collection View Cell";
			sourceTree = "<group>";
		};
		761402DB2A9B165300144E3E /* Detail */ = {
			isa = PBXGroup;
			children = (
				761402DC2A9B166B00144E3E /* Table View Cell */,
			);
			path = Detail;
			sourceTree = "<group>";
		};
		761402DC2A9B166B00144E3E /* Table View Cell */ = {
			isa = PBXGroup;
			children = (
				761402DD2A9B167F00144E3E /* SubjectsTableViewCell.swift */,
				761402E12A9B27DD00144E3E /* StudentsTableViewCell.swift */,
			);
			path = "Table View Cell";
			sourceTree = "<group>";
		};
/* End PBXGroup section */

/* Begin PBXNativeTarget section */
		761402B82A9A70E300144E3E /* Class Attendance */ = {
			isa = PBXNativeTarget;
			buildConfigurationList = 761402CD2A9A70E600144E3E /* Build configuration list for PBXNativeTarget "Class Attendance" */;
			buildPhases = (
				761402B52A9A70E300144E3E /* Sources */,
				761402B62A9A70E300144E3E /* Frameworks */,
				761402B72A9A70E300144E3E /* Resources */,
			);
			buildRules = (
			);
			dependencies = (
			);
			name = "Class Attendance";
			productName = "Class Attendance";
			productReference = 761402B92A9A70E300144E3E /* Class Attendance.app */;
			productType = "com.apple.product-type.application";
		};
/* End PBXNativeTarget section */

/* Begin PBXProject section */
		761402B12A9A70E300144E3E /* Project object */ = {
			isa = PBXProject;
			attributes = {
				BuildIndependentTargetsInParallel = 1;
				LastSwiftUpdateCheck = 1430;
				LastUpgradeCheck = 1430;
				TargetAttributes = {
					761402B82A9A70E300144E3E = {
						CreatedOnToolsVersion = 14.3.1;
					};
				};
			};
			buildConfigurationList = 761402B42A9A70E300144E3E /* Build configuration list for PBXProject "Class Attendance" */;
			compatibilityVersion = "Xcode 14.0";
			developmentRegion = en;
			hasScannedForEncodings = 0;
			knownRegions = (
				en,
				Base,
			);
			mainGroup = 761402B02A9A70E300144E3E;
			productRefGroup = 761402BA2A9A70E300144E3E /* Products */;
			projectDirPath = "";
			projectRoot = "";
			targets = (
				761402B82A9A70E300144E3E /* Class Attendance */,
			);
		};
/* End PBXProject section */

/* Begin PBXResourcesBuildPhase section */
		761402B72A9A70E300144E3E /* Resources */ = {
			isa = PBXResourcesBuildPhase;
			buildActionMask = 2147483647;
			files = (
				761402C92A9A70E600144E3E /* LaunchScreen.storyboard in Resources */,
				761402C62A9A70E600144E3E /* Assets.xcassets in Resources */,
			);
			runOnlyForDeploymentPostprocessing = 0;
		};
/* End PBXResourcesBuildPhase section */

/* Begin PBXSourcesBuildPhase section */
		761402B52A9A70E300144E3E /* Sources */ = {
			isa = PBXSourcesBuildPhase;
			buildActionMask = 2147483647;
			files = (
				761402D22A9A750200144E3E /* ClassInfoTableViewCell.swift in Sources */,
				761402D82A9A8BB100144E3E /* DetailedClassInfoViewController.swift in Sources */,
				761402C12A9A70E300144E3E /* ClassViewController.swift in Sources */,
				761402E62A9B43B400144E3E /* Students.swift in Sources */,
				761402E42A9B38EE00144E3E /* TimeTable.swift in Sources */,
				761402BD2A9A70E300144E3E /* AppDelegate.swift in Sources */,
				761402DE2A9B167F00144E3E /* SubjectsTableViewCell.swift in Sources */,
				761402E02A9B1AE000144E3E /* AttendanceViewController.swift in Sources */,
				761402E82A9B472400144E3E /* StudentDetailsViewController.swift in Sources */,
				761402D62A9A79C500144E3E /* ClassInfoCollectionViewCell.swift in Sources */,
				761402E22A9B27DD00144E3E /* StudentsTableViewCell.swift in Sources */,
				761402BF2A9A70E300144E3E /* SceneDelegate.swift in Sources */,
				761402DA2A9A8C6700144E3E /* ClassInfoDelegate.swift in Sources */,
			);
			runOnlyForDeploymentPostprocessing = 0;
		};
/* End PBXSourcesBuildPhase section */

/* Begin PBXVariantGroup section */
		761402C72A9A70E600144E3E /* LaunchScreen.storyboard */ = {
			isa = PBXVariantGroup;
			children = (
				761402C82A9A70E600144E3E /* Base */,
			);
			name = LaunchScreen.storyboard;
			sourceTree = "<group>";
		};
/* End PBXVariantGroup section */

/* Begin XCBuildConfiguration section */
		761402CB2A9A70E600144E3E /* Debug */ = {
			isa = XCBuildConfiguration;
			buildSettings = {
				ALWAYS_SEARCH_USER_PATHS = NO;
				CLANG_ANALYZER_NONNULL = YES;
				CLANG_ANALYZER_NUMBER_OBJECT_CONVERSION = YES_AGGRESSIVE;
				CLANG_CXX_LANGUAGE_STANDARD = "gnu++20";
				CLANG_ENABLE_MODULES = YES;
				CLANG_ENABLE_OBJC_ARC = YES;
				CLANG_ENABLE_OBJC_WEAK = YES;
				CLANG_WARN_BLOCK_CAPTURE_AUTORELEASING = YES;
				CLANG_WARN_BOOL_CONVERSION = YES;
				CLANG_WARN_COMMA = YES;
				CLANG_WARN_CONSTANT_CONVERSION = YES;
				CLANG_WARN_DEPRECATED_OBJC_IMPLEMENTATIONS = YES;
				CLANG_WARN_DIRECT_OBJC_ISA_USAGE = YES_ERROR;
				CLANG_WARN_DOCUMENTATION_COMMENTS = YES;
				CLANG_WARN_EMPTY_BODY = YES;
				CLANG_WARN_ENUM_CONVERSION = YES;
				CLANG_WARN_INFINITE_RECURSION = YES;
				CLANG_WARN_INT_CONVERSION = YES;
				CLANG_WARN_NON_LITERAL_NULL_CONVERSION = YES;
				CLANG_WARN_OBJC_IMPLICIT_RETAIN_SELF = YES;
				CLANG_WARN_OBJC_LITERAL_CONVERSION = YES;
				CLANG_WARN_OBJC_ROOT_CLASS = YES_ERROR;
				CLANG_WARN_QUOTED_INCLUDE_IN_FRAMEWORK_HEADER = YES;
				CLANG_WARN_RANGE_LOOP_ANALYSIS = YES;
				CLANG_WARN_STRICT_PROTOTYPES = YES;
				CLANG_WARN_SUSPICIOUS_MOVE = YES;
				CLANG_WARN_UNGUARDED_AVAILABILITY = YES_AGGRESSIVE;
				CLANG_WARN_UNREACHABLE_CODE = YES;
				CLANG_WARN__DUPLICATE_METHOD_MATCH = YES;
				COPY_PHASE_STRIP = NO;
				DEBUG_INFORMATION_FORMAT = dwarf;
				ENABLE_STRICT_OBJC_MSGSEND = YES;
				ENABLE_TESTABILITY = YES;
				GCC_C_LANGUAGE_STANDARD = gnu11;
				GCC_DYNAMIC_NO_PIC = NO;
				GCC_NO_COMMON_BLOCKS = YES;
				GCC_OPTIMIZATION_LEVEL = 0;
				GCC_PREPROCESSOR_DEFINITIONS = (
					"DEBUG=1",
					"$(inherited)",
				);
				GCC_WARN_64_TO_32_BIT_CONVERSION = YES;
				GCC_WARN_ABOUT_RETURN_TYPE = YES_ERROR;
				GCC_WARN_UNDECLARED_SELECTOR = YES;
				GCC_WARN_UNINITIALIZED_AUTOS = YES_AGGRESSIVE;
				GCC_WARN_UNUSED_FUNCTION = YES;
				GCC_WARN_UNUSED_VARIABLE = YES;
				IPHONEOS_DEPLOYMENT_TARGET = 16.4;
				MTL_ENABLE_DEBUG_INFO = INCLUDE_SOURCE;
				MTL_FAST_MATH = YES;
				ONLY_ACTIVE_ARCH = YES;
				SDKROOT = iphoneos;
				SWIFT_ACTIVE_COMPILATION_CONDITIONS = DEBUG;
				SWIFT_OPTIMIZATION_LEVEL = "-Onone";
			};
			name = Debug;
		};
		761402CC2A9A70E600144E3E /* Release */ = {
			isa = XCBuildConfiguration;
			buildSettings = {
				ALWAYS_SEARCH_USER_PATHS = NO;
				CLANG_ANALYZER_NONNULL = YES;
				CLANG_ANALYZER_NUMBER_OBJECT_CONVERSION = YES_AGGRESSIVE;
				CLANG_CXX_LANGUAGE_STANDARD = "gnu++20";
				CLANG_ENABLE_MODULES = YES;
				CLANG_ENABLE_OBJC_ARC = YES;
				CLANG_ENABLE_OBJC_WEAK = YES;
				CLANG_WARN_BLOCK_CAPTURE_AUTORELEASING = YES;
				CLANG_WARN_BOOL_CONVERSION = YES;
				CLANG_WARN_COMMA = YES;
				CLANG_WARN_CONSTANT_CONVERSION = YES;
				CLANG_WARN_DEPRECATED_OBJC_IMPLEMENTATIONS = YES;
				CLANG_WARN_DIRECT_OBJC_ISA_USAGE = YES_ERROR;
				CLANG_WARN_DOCUMENTATION_COMMENTS = YES;
				CLANG_WARN_EMPTY_BODY = YES;
				CLANG_WARN_ENUM_CONVERSION = YES;
				CLANG_WARN_INFINITE_RECURSION = YES;
				CLANG_WARN_INT_CONVERSION = YES;
				CLANG_WARN_NON_LITERAL_NULL_CONVERSION = YES;
				CLANG_WARN_OBJC_IMPLICIT_RETAIN_SELF = YES;
				CLANG_WARN_OBJC_LITERAL_CONVERSION = YES;
				CLANG_WARN_OBJC_ROOT_CLASS = YES_ERROR;
				CLANG_WARN_QUOTED_INCLUDE_IN_FRAMEWORK_HEADER = YES;
				CLANG_WARN_RANGE_LOOP_ANALYSIS = YES;
				CLANG_WARN_STRICT_PROTOTYPES = YES;
				CLANG_WARN_SUSPICIOUS_MOVE = YES;
				CLANG_WARN_UNGUARDED_AVAILABILITY = YES_AGGRESSIVE;
				CLANG_WARN_UNREACHABLE_CODE = YES;
				CLANG_WARN__DUPLICATE_METHOD_MATCH = YES;
				COPY_PHASE_STRIP = NO;
				DEBUG_INFORMATION_FORMAT = "dwarf-with-dsym";
				ENABLE_NS_ASSERTIONS = NO;
				ENABLE_STRICT_OBJC_MSGSEND = YES;
				GCC_C_LANGUAGE_STANDARD = gnu11;
				GCC_NO_COMMON_BLOCKS = YES;
				GCC_WARN_64_TO_32_BIT_CONVERSION = YES;
				GCC_WARN_ABOUT_RETURN_TYPE = YES_ERROR;
				GCC_WARN_UNDECLARED_SELECTOR = YES;
				GCC_WARN_UNINITIALIZED_AUTOS = YES_AGGRESSIVE;
				GCC_WARN_UNUSED_FUNCTION = YES;
				GCC_WARN_UNUSED_VARIABLE = YES;
				IPHONEOS_DEPLOYMENT_TARGET = 16.4;
				MTL_ENABLE_DEBUG_INFO = NO;
				MTL_FAST_MATH = YES;
				SDKROOT = iphoneos;
				SWIFT_COMPILATION_MODE = wholemodule;
				SWIFT_OPTIMIZATION_LEVEL = "-O";
				VALIDATE_PRODUCT = YES;
			};
			name = Release;
		};
		761402CE2A9A70E600144E3E /* Debug */ = {
			isa = XCBuildConfiguration;
			buildSettings = {
				ASSETCATALOG_COMPILER_APPICON_NAME = AppIcon;
				ASSETCATALOG_COMPILER_GLOBAL_ACCENT_COLOR_NAME = AccentColor;
				CODE_SIGN_STYLE = Automatic;
				CURRENT_PROJECT_VERSION = 1;
				DEVELOPMENT_TEAM = YK69472845;
				GENERATE_INFOPLIST_FILE = YES;
				INFOPLIST_FILE = "Class Attendance/Info.plist";
				INFOPLIST_KEY_UIApplicationSupportsIndirectInputEvents = YES;
				INFOPLIST_KEY_UILaunchStoryboardName = LaunchScreen;
				INFOPLIST_KEY_UISupportedInterfaceOrientations_iPad = "UIInterfaceOrientationPortrait UIInterfaceOrientationPortraitUpsideDown UIInterfaceOrientationLandscapeLeft UIInterfaceOrientationLandscapeRight";
				INFOPLIST_KEY_UISupportedInterfaceOrientations_iPhone = "UIInterfaceOrientationPortrait UIInterfaceOrientationLandscapeLeft UIInterfaceOrientationLandscapeRight";
				LD_RUNPATH_SEARCH_PATHS = (
					"$(inherited)",
					"@executable_path/Frameworks",
				);
				MARKETING_VERSION = 1.0;
				PRODUCT_BUNDLE_IDENTIFIER = "com.reddy.shivacharan.Class-Attendance";
				PRODUCT_NAME = "$(TARGET_NAME)";
				SWIFT_EMIT_LOC_STRINGS = YES;
				SWIFT_VERSION = 5.0;
				TARGETED_DEVICE_FAMILY = "1,2";
			};
			name = Debug;
		};
		761402CF2A9A70E600144E3E /* Release */ = {
			isa = XCBuildConfiguration;
			buildSettings = {
				ASSETCATALOG_COMPILER_APPICON_NAME = AppIcon;
				ASSETCATALOG_COMPILER_GLOBAL_ACCENT_COLOR_NAME = AccentColor;
				CODE_SIGN_STYLE = Automatic;
				CURRENT_PROJECT_VERSION = 1;
				DEVELOPMENT_TEAM = YK69472845;
				GENERATE_INFOPLIST_FILE = YES;
				INFOPLIST_FILE = "Class Attendance/Info.plist";
				INFOPLIST_KEY_UIApplicationSupportsIndirectInputEvents = YES;
				INFOPLIST_KEY_UILaunchStoryboardName = LaunchScreen;
				INFOPLIST_KEY_UISupportedInterfaceOrientations_iPad = "UIInterfaceOrientationPortrait UIInterfaceOrientationPortraitUpsideDown UIInterfaceOrientationLandscapeLeft UIInterfaceOrientationLandscapeRight";
				INFOPLIST_KEY_UISupportedInterfaceOrientations_iPhone = "UIInterfaceOrientationPortrait UIInterfaceOrientationLandscapeLeft UIInterfaceOrientationLandscapeRight";
				LD_RUNPATH_SEARCH_PATHS = (
					"$(inherited)",
					"@executable_path/Frameworks",
				);
				MARKETING_VERSION = 1.0;
				PRODUCT_BUNDLE_IDENTIFIER = "com.reddy.shivacharan.Class-Attendance";
				PRODUCT_NAME = "$(TARGET_NAME)";
				SWIFT_EMIT_LOC_STRINGS = YES;
				SWIFT_VERSION = 5.0;
				TARGETED_DEVICE_FAMILY = "1,2";
			};
			name = Release;
		};
/* End XCBuildConfiguration section */

/* Begin XCConfigurationList section */
		761402B42A9A70E300144E3E /* Build configuration list for PBXProject "Class Attendance" */ = {
			isa = XCConfigurationList;
			buildConfigurations = (
				761402CB2A9A70E600144E3E /* Debug */,
				761402CC2A9A70E600144E3E /* Release */,
			);
			defaultConfigurationIsVisible = 0;
			defaultConfigurationName = Release;
		};
		761402CD2A9A70E600144E3E /* Build configuration list for PBXNativeTarget "Class Attendance" */ = {
			isa = XCConfigurationList;
			buildConfigurations = (
				761402CE2A9A70E600144E3E /* Debug */,
				761402CF2A9A70E600144E3E /* Release */,
			);
			defaultConfigurationIsVisible = 0;
			defaultConfigurationName = Release;
		};
/* End XCConfigurationList section */
	};
	rootObject = 761402B12A9A70E300144E3E /* Project object */;
}
